
Microsoft Visual Studio Solution File, Format Version 12.00
# Visual Studio Version 17
VisualStudioVersion = 17.5.33516.290
MinimumVisualStudioVersion = 10.0.40219.1
Project("{FAE04EC0-301F-11D3-BF4B-00C04F79EFBC}") = "exercicios extrutura sequencial", "exercicios extrutura sequencial\exercicios extrutura sequencial.csproj", "{BEDB0FED-FD20-4E31-B4A3-7801B88EC456}"
EndProject
Global
	GlobalSection(SolutionConfigurationPlatforms) = preSolution
		Debug|Any CPU = Debug|Any CPU
		Release|Any CPU = Release|Any CPU
	EndGlobalSection
	GlobalSection(ProjectConfigurationPlatforms) = postSolution
		{BEDB0FED-FD20-4E31-B4A3-7801B88EC456}.Debug|Any CPU.ActiveCfg = Debug|Any CPU
		{BEDB0FED-FD20-4E31-B4A3-7801B88EC456}.Debug|Any CPU.Build.0 = Debug|Any CPU
		{BEDB0FED-FD20-4E31-B4A3-7801B88EC456}.Release|Any CPU.ActiveCfg = Release|Any CPU
		{BEDB0FED-FD20-4E31-B4A3-7801B88EC456}.Release|Any CPU.Build.0 = Release|Any CPU
	EndGlobalSection
	GlobalSection(SolutionProperties) = preSolution
		HideSolutionNode = FALSE
	EndGlobalSection
	GlobalSection(ExtensibilityGlobals) = postSolution
		SolutionGuid = {86FFC676-9A75-4E87-A456-85B25D0B1575}
	EndGlobalSection
EndGlobal
